
Microsoft Visual Studio Solution File, Format Version 12.00
# Visual Studio Version 16
VisualStudioVersion = 16.0.31105.61
MinimumVisualStudioVersion = 10.0.40219.1
Project("{FAE04EC0-301F-11D3-BF4B-00C04F79EFBC}") = "DesignPatternsDemonstrations", "DesignPatternsDemonstrations\DesignPatternsDemonstrations.csproj", "{FBE05DB5-CD4F-4936-A45F-E7E0AB37938D}"
EndProject
Global
	GlobalSection(SolutionConfigurationPlatforms) = preSolution
		Debug|Any CPU = Debug|Any CPU
		Release|Any CPU = Release|Any CPU
	EndGlobalSection
	GlobalSection(ProjectConfigurationPlatforms) = postSolution
		{FBE05DB5-CD4F-4936-A45F-E7E0AB37938D}.Debug|Any CPU.ActiveCfg = Debug|Any CPU
		{FBE05DB5-CD4F-4936-A45F-E7E0AB37938D}.Debug|Any CPU.Build.0 = Debug|Any CPU
		{FBE05DB5-CD4F-4936-A45F-E7E0AB37938D}.Release|Any CPU.ActiveCfg = Release|Any CPU
		{FBE05DB5-CD4F-4936-A45F-E7E0AB37938D}.Release|Any CPU.Build.0 = Release|Any CPU
	EndGlobalSection
	GlobalSection(SolutionProperties) = preSolution
		HideSolutionNode = FALSE
	EndGlobalSection
	GlobalSection(ExtensibilityGlobals) = postSolution
		SolutionGuid = {95BDDD65-8143-463F-ADA6-EF8C1D459FE5}
	EndGlobalSection
EndGlobal
